
Microsoft Visual Studio Solution File, Format Version 12.00
# Visual Studio Version 17
VisualStudioVersion = 17.9.34616.47
MinimumVisualStudioVersion = 10.0.40219.1
Project("{FAE04EC0-301F-11D3-BF4B-00C04F79EFBC}") = "Modeller", "Modeller\Modeller.csproj", "{E9FF0404-85DA-4F9D-B6A5-8B900D96EEB6}"
EndProject
Global
	GlobalSection(SolutionConfigurationPlatforms) = preSolution
		Debug|Any CPU = Debug|Any CPU
		Release|Any CPU = Release|Any CPU
	EndGlobalSection
	GlobalSection(ProjectConfigurationPlatforms) = postSolution
		{E9FF0404-85DA-4F9D-B6A5-8B900D96EEB6}.Debug|Any CPU.ActiveCfg = Debug|Any CPU
		{E9FF0404-85DA-4F9D-B6A5-8B900D96EEB6}.Debug|Any CPU.Build.0 = Debug|Any CPU
		{E9FF0404-85DA-4F9D-B6A5-8B900D96EEB6}.Release|Any CPU.ActiveCfg = Release|Any CPU
		{E9FF0404-85DA-4F9D-B6A5-8B900D96EEB6}.Release|Any CPU.Build.0 = Release|Any CPU
	EndGlobalSection
	GlobalSection(SolutionProperties) = preSolution
		HideSolutionNode = FALSE
	EndGlobalSection
	GlobalSection(ExtensibilityGlobals) = postSolution
		SolutionGuid = {407966CF-609D-4DF2-963D-66C0EFF1D57D}
	EndGlobalSection
EndGlobal
